// !$*UTF8*$!
{
	archiveVersion = 1;
	classes = {
	};
	objectVersion = 56;
	objects = {

/* Begin PBXBuildFile section */
		2B2E3E8A2B98C70E003383E7 /* AppDelegate.swift in Sources */ = {isa = PBXBuildFile; fileRef = 2B2E3E892B98C70E003383E7 /* AppDelegate.swift */; };
		2B2E3E932B98C711003383E7 /* Assets.xcassets in Resources */ = {isa = PBXBuildFile; fileRef = 2B2E3E922B98C711003383E7 /* Assets.xcassets */; };
		2B2E3E962B98C711003383E7 /* LaunchScreen.storyboard in Resources */ = {isa = PBXBuildFile; fileRef = 2B2E3E942B98C711003383E7 /* LaunchScreen.storyboard */; };
		2B2E3EA12B98C712003383E7 /* HungerTests.swift in Sources */ = {isa = PBXBuildFile; fileRef = 2B2E3EA02B98C712003383E7 /* HungerTests.swift */; };
		2B2E3EAB2B98C712003383E7 /* HungerUITests.swift in Sources */ = {isa = PBXBuildFile; fileRef = 2B2E3EAA2B98C712003383E7 /* HungerUITests.swift */; };
		2B2E3EAD2B98C712003383E7 /* HungerUITestsLaunchTests.swift in Sources */ = {isa = PBXBuildFile; fileRef = 2B2E3EAC2B98C712003383E7 /* HungerUITestsLaunchTests.swift */; };
		2B3DF5832B9F345C00FC43D6 /* RestaurantResultsViewController.swift in Sources */ = {isa = PBXBuildFile; fileRef = 2B3DF5822B9F345C00FC43D6 /* RestaurantResultsViewController.swift */; };
		2B3DF5852B9F349600FC43D6 /* RestaurantResultsView.swift in Sources */ = {isa = PBXBuildFile; fileRef = 2B3DF5842B9F349600FC43D6 /* RestaurantResultsView.swift */; };
		2B3DF5872B9F869300FC43D6 /* RestaurantResultsViewModel.swift in Sources */ = {isa = PBXBuildFile; fileRef = 2B3DF5862B9F869300FC43D6 /* RestaurantResultsViewModel.swift */; };
		2B3DF5892B9F875100FC43D6 /* SelectedRestaurantTableViewCell.swift in Sources */ = {isa = PBXBuildFile; fileRef = 2B3DF5882B9F875100FC43D6 /* SelectedRestaurantTableViewCell.swift */; };
		2B3DF58B2B9F87B100FC43D6 /* SelectedRestaurantTableViewCellView.swift in Sources */ = {isa = PBXBuildFile; fileRef = 2B3DF58A2B9F87B100FC43D6 /* SelectedRestaurantTableViewCellView.swift */; };
		2B3DF5912B9F8B1300FC43D6 /* SearchRestaurantViewController.swift in Sources */ = {isa = PBXBuildFile; fileRef = 2B3DF5902B9F8B1300FC43D6 /* SearchRestaurantViewController.swift */; };
		2B3DF5932B9F8B1D00FC43D6 /* SearchRestaurantView.swift in Sources */ = {isa = PBXBuildFile; fileRef = 2B3DF5922B9F8B1D00FC43D6 /* SearchRestaurantView.swift */; };
		2BB309E42BA201C6005EE59D /* InstantSlider.swift in Sources */ = {isa = PBXBuildFile; fileRef = 2BB309E32BA201C6005EE59D /* InstantSlider.swift */; };
		2BE9F0DE2BA07CB1006AFB36 /* UIView + Extension.swift in Sources */ = {isa = PBXBuildFile; fileRef = 2BE9F0DD2BA07CB1006AFB36 /* UIView + Extension.swift */; };
		2BE9F0E12BA09C1B006AFB36 /* TabBarController.swift in Sources */ = {isa = PBXBuildFile; fileRef = 2BE9F0E02BA09C1B006AFB36 /* TabBarController.swift */; };
		2BE9F0E32BA0D5A5006AFB36 /* UIViewController + Extension.swift in Sources */ = {isa = PBXBuildFile; fileRef = 2BE9F0E22BA0D5A5006AFB36 /* UIViewController + Extension.swift */; };
/* End PBXBuildFile section */

/* Begin PBXContainerItemProxy section */
		2B2E3E9D2B98C712003383E7 /* PBXContainerItemProxy */ = {
			isa = PBXContainerItemProxy;
			containerPortal = 2B2E3E7E2B98C70E003383E7 /* Project object */;
			proxyType = 1;
			remoteGlobalIDString = 2B2E3E852B98C70E003383E7;
			remoteInfo = Hunger;
		};
		2B2E3EA72B98C712003383E7 /* PBXContainerItemProxy */ = {
			isa = PBXContainerItemProxy;
			containerPortal = 2B2E3E7E2B98C70E003383E7 /* Project object */;
			proxyType = 1;
			remoteGlobalIDString = 2B2E3E852B98C70E003383E7;
			remoteInfo = Hunger;
		};
/* End PBXContainerItemProxy section */

/* Begin PBXFileReference section */
		2B2E3E862B98C70E003383E7 /* Hunger.app */ = {isa = PBXFileReference; explicitFileType = wrapper.application; includeInIndex = 0; path = Hunger.app; sourceTree = BUILT_PRODUCTS_DIR; };
		2B2E3E892B98C70E003383E7 /* AppDelegate.swift */ = {isa = PBXFileReference; lastKnownFileType = sourcecode.swift; path = AppDelegate.swift; sourceTree = "<group>"; };
		2B2E3E922B98C711003383E7 /* Assets.xcassets */ = {isa = PBXFileReference; lastKnownFileType = folder.assetcatalog; path = Assets.xcassets; sourceTree = "<group>"; };
		2B2E3E952B98C711003383E7 /* Base */ = {isa = PBXFileReference; lastKnownFileType = file.storyboard; name = Base; path = Base.lproj/LaunchScreen.storyboard; sourceTree = "<group>"; };
		2B2E3E972B98C711003383E7 /* Info.plist */ = {isa = PBXFileReference; lastKnownFileType = text.plist.xml; path = Info.plist; sourceTree = "<group>"; };
		2B2E3E9C2B98C712003383E7 /* HungerTests.xctest */ = {isa = PBXFileReference; explicitFileType = wrapper.cfbundle; includeInIndex = 0; path = HungerTests.xctest; sourceTree = BUILT_PRODUCTS_DIR; };
		2B2E3EA02B98C712003383E7 /* HungerTests.swift */ = {isa = PBXFileReference; lastKnownFileType = sourcecode.swift; path = HungerTests.swift; sourceTree = "<group>"; };
		2B2E3EA62B98C712003383E7 /* HungerUITests.xctest */ = {isa = PBXFileReference; explicitFileType = wrapper.cfbundle; includeInIndex = 0; path = HungerUITests.xctest; sourceTree = BUILT_PRODUCTS_DIR; };
		2B2E3EAA2B98C712003383E7 /* HungerUITests.swift */ = {isa = PBXFileReference; lastKnownFileType = sourcecode.swift; path = HungerUITests.swift; sourceTree = "<group>"; };
		2B2E3EAC2B98C712003383E7 /* HungerUITestsLaunchTests.swift */ = {isa = PBXFileReference; lastKnownFileType = sourcecode.swift; path = HungerUITestsLaunchTests.swift; sourceTree = "<group>"; };
		2B3DF5822B9F345C00FC43D6 /* RestaurantResultsViewController.swift */ = {isa = PBXFileReference; lastKnownFileType = sourcecode.swift; path = RestaurantResultsViewController.swift; sourceTree = "<group>"; };
		2B3DF5842B9F349600FC43D6 /* RestaurantResultsView.swift */ = {isa = PBXFileReference; lastKnownFileType = sourcecode.swift; path = RestaurantResultsView.swift; sourceTree = "<group>"; };
		2B3DF5862B9F869300FC43D6 /* RestaurantResultsViewModel.swift */ = {isa = PBXFileReference; lastKnownFileType = sourcecode.swift; path = RestaurantResultsViewModel.swift; sourceTree = "<group>"; };
		2B3DF5882B9F875100FC43D6 /* SelectedRestaurantTableViewCell.swift */ = {isa = PBXFileReference; lastKnownFileType = sourcecode.swift; path = SelectedRestaurantTableViewCell.swift; sourceTree = "<group>"; };
		2B3DF58A2B9F87B100FC43D6 /* SelectedRestaurantTableViewCellView.swift */ = {isa = PBXFileReference; lastKnownFileType = sourcecode.swift; path = SelectedRestaurantTableViewCellView.swift; sourceTree = "<group>"; };
		2B3DF5902B9F8B1300FC43D6 /* SearchRestaurantViewController.swift */ = {isa = PBXFileReference; lastKnownFileType = sourcecode.swift; path = SearchRestaurantViewController.swift; sourceTree = "<group>"; };
		2B3DF5922B9F8B1D00FC43D6 /* SearchRestaurantView.swift */ = {isa = PBXFileReference; lastKnownFileType = sourcecode.swift; path = SearchRestaurantView.swift; sourceTree = "<group>"; };
		2BB309E32BA201C6005EE59D /* InstantSlider.swift */ = {isa = PBXFileReference; lastKnownFileType = sourcecode.swift; path = InstantSlider.swift; sourceTree = "<group>"; };
		2BE9F0DD2BA07CB1006AFB36 /* UIView + Extension.swift */ = {isa = PBXFileReference; lastKnownFileType = sourcecode.swift; path = "UIView + Extension.swift"; sourceTree = "<group>"; };
		2BE9F0E02BA09C1B006AFB36 /* TabBarController.swift */ = {isa = PBXFileReference; lastKnownFileType = sourcecode.swift; path = TabBarController.swift; sourceTree = "<group>"; };
		2BE9F0E22BA0D5A5006AFB36 /* UIViewController + Extension.swift */ = {isa = PBXFileReference; lastKnownFileType = sourcecode.swift; path = "UIViewController + Extension.swift"; sourceTree = "<group>"; };
/* End PBXFileReference section */

/* Begin PBXFrameworksBuildPhase section */
		2B2E3E832B98C70E003383E7 /* Frameworks */ = {
			isa = PBXFrameworksBuildPhase;
			buildActionMask = 2147483647;
			files = (
			);
			runOnlyForDeploymentPostprocessing = 0;
		};
		2B2E3E992B98C712003383E7 /* Frameworks */ = {
			isa = PBXFrameworksBuildPhase;
			buildActionMask = 2147483647;
			files = (
			);
			runOnlyForDeploymentPostprocessing = 0;
		};
		2B2E3EA32B98C712003383E7 /* Frameworks */ = {
			isa = PBXFrameworksBuildPhase;
			buildActionMask = 2147483647;
			files = (
			);
			runOnlyForDeploymentPostprocessing = 0;
		};
/* End PBXFrameworksBuildPhase section */

/* Begin PBXGroup section */
		2B2E3E7D2B98C70E003383E7 = {
			isa = PBXGroup;
			children = (
				2B2E3E882B98C70E003383E7 /* Hunger */,
				2B2E3E9F2B98C712003383E7 /* HungerTests */,
				2B2E3EA92B98C712003383E7 /* HungerUITests */,
				2B2E3E872B98C70E003383E7 /* Products */,
			);
			sourceTree = "<group>";
		};
		2B2E3E872B98C70E003383E7 /* Products */ = {
			isa = PBXGroup;
			children = (
				2B2E3E862B98C70E003383E7 /* Hunger.app */,
				2B2E3E9C2B98C712003383E7 /* HungerTests.xctest */,
				2B2E3EA62B98C712003383E7 /* HungerUITests.xctest */,
			);
			name = Products;
			sourceTree = "<group>";
		};
		2B2E3E882B98C70E003383E7 /* Hunger */ = {
			isa = PBXGroup;
			children = (
				2B2E3EC22B98EAD9003383E7 /* Extensions */,
				2B2E3EC02B98EAC5003383E7 /* Networking */,
				2B2E3EBF2B98EAB9003383E7 /* Features */,
				2B3DF58E2B9F8A9100FC43D6 /* Resources */,
			);
			path = Hunger;
			sourceTree = "<group>";
		};
		2B2E3E9F2B98C712003383E7 /* HungerTests */ = {
			isa = PBXGroup;
			children = (
				2B2E3EA02B98C712003383E7 /* HungerTests.swift */,
			);
			path = HungerTests;
			sourceTree = "<group>";
		};
		2B2E3EA92B98C712003383E7 /* HungerUITests */ = {
			isa = PBXGroup;
			children = (
				2B2E3EAA2B98C712003383E7 /* HungerUITests.swift */,
				2B2E3EAC2B98C712003383E7 /* HungerUITestsLaunchTests.swift */,
			);
			path = HungerUITests;
			sourceTree = "<group>";
		};
		2B2E3EBF2B98EAB9003383E7 /* Features */ = {
			isa = PBXGroup;
			children = (
				2BE9F0DF2BA09BFD006AFB36 /* TabBar */,
				2B3DF58C2B9F8A6700FC43D6 /* Search */,
				2B3DF5812B9F344800FC43D6 /* Results */,
			);
			path = Features;
			sourceTree = "<group>";
		};
		2B2E3EC02B98EAC5003383E7 /* Networking */ = {
			isa = PBXGroup;
			children = (
				2B2E3EC12B98EACD003383E7 /* Models */,
			);
			path = Networking;
			sourceTree = "<group>";
		};
		2B2E3EC12B98EACD003383E7 /* Models */ = {
			isa = PBXGroup;
			children = (
			);
			path = Models;
			sourceTree = "<group>";
		};
		2B2E3EC22B98EAD9003383E7 /* Extensions */ = {
			isa = PBXGroup;
			children = (
				2BE9F0DD2BA07CB1006AFB36 /* UIView + Extension.swift */,
				2BE9F0E22BA0D5A5006AFB36 /* UIViewController + Extension.swift */,
				2BB309E32BA201C6005EE59D /* InstantSlider.swift */,
			);
			path = Extensions;
			sourceTree = "<group>";
		};
		2B3DF5812B9F344800FC43D6 /* Results */ = {
			isa = PBXGroup;
			children = (
				2B3DF58F2B9F8AA100FC43D6 /* UITableViewCell */,
				2B3DF5822B9F345C00FC43D6 /* RestaurantResultsViewController.swift */,
				2B3DF5842B9F349600FC43D6 /* RestaurantResultsView.swift */,
				2B3DF5862B9F869300FC43D6 /* RestaurantResultsViewModel.swift */,
			);
			path = Results;
			sourceTree = "<group>";
		};
		2B3DF58C2B9F8A6700FC43D6 /* Search */ = {
			isa = PBXGroup;
			children = (
				2B3DF5902B9F8B1300FC43D6 /* SearchRestaurantViewController.swift */,
				2B3DF5922B9F8B1D00FC43D6 /* SearchRestaurantView.swift */,
			);
			path = Search;
			sourceTree = "<group>";
		};
		2B3DF58E2B9F8A9100FC43D6 /* Resources */ = {
			isa = PBXGroup;
			children = (
				2B2E3E892B98C70E003383E7 /* AppDelegate.swift */,
				2B2E3E922B98C711003383E7 /* Assets.xcassets */,
				2B2E3E942B98C711003383E7 /* LaunchScreen.storyboard */,
				2B2E3E972B98C711003383E7 /* Info.plist */,
			);
			name = Resources;
			sourceTree = "<group>";
		};
		2B3DF58F2B9F8AA100FC43D6 /* UITableViewCell */ = {
			isa = PBXGroup;
			children = (
				2B3DF5882B9F875100FC43D6 /* SelectedRestaurantTableViewCell.swift */,
				2B3DF58A2B9F87B100FC43D6 /* SelectedRestaurantTableViewCellView.swift */,
			);
			path = UITableViewCell;
			sourceTree = "<group>";
		};
		2BE9F0DF2BA09BFD006AFB36 /* TabBar */ = {
			isa = PBXGroup;
			children = (
				2BE9F0E02BA09C1B006AFB36 /* TabBarController.swift */,
			);
			path = TabBar;
			sourceTree = "<group>";
		};
/* End PBXGroup section */

/* Begin PBXNativeTarget section */
		2B2E3E852B98C70E003383E7 /* Hunger */ = {
			isa = PBXNativeTarget;
			buildConfigurationList = 2B2E3EB02B98C712003383E7 /* Build configuration list for PBXNativeTarget "Hunger" */;
			buildPhases = (
				2B2E3E822B98C70E003383E7 /* Sources */,
				2B2E3E832B98C70E003383E7 /* Frameworks */,
				2B2E3E842B98C70E003383E7 /* Resources */,
				2B2E3EC42B98EB02003383E7 /* ShellScript */,
			);
			buildRules = (
			);
			dependencies = (
			);
			name = Hunger;
			productName = Hunger;
			productReference = 2B2E3E862B98C70E003383E7 /* Hunger.app */;
			productType = "com.apple.product-type.application";
		};
		2B2E3E9B2B98C712003383E7 /* HungerTests */ = {
			isa = PBXNativeTarget;
			buildConfigurationList = 2B2E3EB32B98C712003383E7 /* Build configuration list for PBXNativeTarget "HungerTests" */;
			buildPhases = (
				2B2E3E982B98C712003383E7 /* Sources */,
				2B2E3E992B98C712003383E7 /* Frameworks */,
				2B2E3E9A2B98C712003383E7 /* Resources */,
			);
			buildRules = (
			);
			dependencies = (
				2B2E3E9E2B98C712003383E7 /* PBXTargetDependency */,
			);
			name = HungerTests;
			productName = HungerTests;
			productReference = 2B2E3E9C2B98C712003383E7 /* HungerTests.xctest */;
			productType = "com.apple.product-type.bundle.unit-test";
		};
		2B2E3EA52B98C712003383E7 /* HungerUITests */ = {
			isa = PBXNativeTarget;
			buildConfigurationList = 2B2E3EB62B98C712003383E7 /* Build configuration list for PBXNativeTarget "HungerUITests" */;
			buildPhases = (
				2B2E3EA22B98C712003383E7 /* Sources */,
				2B2E3EA32B98C712003383E7 /* Frameworks */,
				2B2E3EA42B98C712003383E7 /* Resources */,
			);
			buildRules = (
			);
			dependencies = (
				2B2E3EA82B98C712003383E7 /* PBXTargetDependency */,
			);
			name = HungerUITests;
			productName = HungerUITests;
			productReference = 2B2E3EA62B98C712003383E7 /* HungerUITests.xctest */;
			productType = "com.apple.product-type.bundle.ui-testing";
		};
/* End PBXNativeTarget section */

/* Begin PBXProject section */
		2B2E3E7E2B98C70E003383E7 /* Project object */ = {
			isa = PBXProject;
			attributes = {
				BuildIndependentTargetsInParallel = 1;
				LastSwiftUpdateCheck = 1520;
				LastUpgradeCheck = 1520;
				TargetAttributes = {
					2B2E3E852B98C70E003383E7 = {
						CreatedOnToolsVersion = 15.2;
					};
					2B2E3E9B2B98C712003383E7 = {
						CreatedOnToolsVersion = 15.2;
						TestTargetID = 2B2E3E852B98C70E003383E7;
					};
					2B2E3EA52B98C712003383E7 = {
						CreatedOnToolsVersion = 15.2;
						TestTargetID = 2B2E3E852B98C70E003383E7;
					};
				};
			};
			buildConfigurationList = 2B2E3E812B98C70E003383E7 /* Build configuration list for PBXProject "Hunger" */;
			compatibilityVersion = "Xcode 14.0";
			developmentRegion = en;
			hasScannedForEncodings = 0;
			knownRegions = (
				en,
				Base,
			);
			mainGroup = 2B2E3E7D2B98C70E003383E7;
			productRefGroup = 2B2E3E872B98C70E003383E7 /* Products */;
			projectDirPath = "";
			projectRoot = "";
			targets = (
				2B2E3E852B98C70E003383E7 /* Hunger */,
				2B2E3E9B2B98C712003383E7 /* HungerTests */,
				2B2E3EA52B98C712003383E7 /* HungerUITests */,
			);
		};
/* End PBXProject section */

/* Begin PBXResourcesBuildPhase section */
		2B2E3E842B98C70E003383E7 /* Resources */ = {
			isa = PBXResourcesBuildPhase;
			buildActionMask = 2147483647;
			files = (
				2B2E3E962B98C711003383E7 /* LaunchScreen.storyboard in Resources */,
				2B2E3E932B98C711003383E7 /* Assets.xcassets in Resources */,
			);
			runOnlyForDeploymentPostprocessing = 0;
		};
		2B2E3E9A2B98C712003383E7 /* Resources */ = {
			isa = PBXResourcesBuildPhase;
			buildActionMask = 2147483647;
			files = (
			);
			runOnlyForDeploymentPostprocessing = 0;
		};
		2B2E3EA42B98C712003383E7 /* Resources */ = {
			isa = PBXResourcesBuildPhase;
			buildActionMask = 2147483647;
			files = (
			);
			runOnlyForDeploymentPostprocessing = 0;
		};
/* End PBXResourcesBuildPhase section */

/* Begin PBXShellScriptBuildPhase section */
		2B2E3EC42B98EB02003383E7 /* ShellScript */ = {
			isa = PBXShellScriptBuildPhase;
			alwaysOutOfDate = 1;
			buildActionMask = 2147483647;
			files = (
			);
			inputFileListPaths = (
			);
			inputPaths = (
			);
			outputFileListPaths = (
			);
			outputPaths = (
			);
			runOnlyForDeploymentPostprocessing = 0;
			shellPath = /bin/sh;
			shellScript = "if [[ \"$(uname -m)\" == arm64 ]]; then\n    export PATH=\"/opt/homebrew/bin:$PATH\"\nfi\n\nif which swiftlint > /dev/null; then\n  swiftlint\nelse\n  echo \"warning: SwiftLint not installed, download from https://github.com/realm/SwiftLint\"\nfi\n";
			showEnvVarsInLog = 0;
		};
/* End PBXShellScriptBuildPhase section */

/* Begin PBXSourcesBuildPhase section */
		2B2E3E822B98C70E003383E7 /* Sources */ = {
			isa = PBXSourcesBuildPhase;
			buildActionMask = 2147483647;
			files = (
				2BE9F0E32BA0D5A5006AFB36 /* UIViewController + Extension.swift in Sources */,
				2B3DF5872B9F869300FC43D6 /* RestaurantResultsViewModel.swift in Sources */,
				2BB309E42BA201C6005EE59D /* InstantSlider.swift in Sources */,
				2B3DF5912B9F8B1300FC43D6 /* SearchRestaurantViewController.swift in Sources */,
				2B3DF5852B9F349600FC43D6 /* RestaurantResultsView.swift in Sources */,
				2BE9F0E12BA09C1B006AFB36 /* TabBarController.swift in Sources */,
				2B2E3E8A2B98C70E003383E7 /* AppDelegate.swift in Sources */,
				2B3DF5832B9F345C00FC43D6 /* RestaurantResultsViewController.swift in Sources */,
				2B3DF58B2B9F87B100FC43D6 /* SelectedRestaurantTableViewCellView.swift in Sources */,
				2B3DF5892B9F875100FC43D6 /* SelectedRestaurantTableViewCell.swift in Sources */,
				2B3DF5932B9F8B1D00FC43D6 /* SearchRestaurantView.swift in Sources */,
				2BE9F0DE2BA07CB1006AFB36 /* UIView + Extension.swift in Sources */,
			);
			runOnlyForDeploymentPostprocessing = 0;
		};
		2B2E3E982B98C712003383E7 /* Sources */ = {
			isa = PBXSourcesBuildPhase;
			buildActionMask = 2147483647;
			files = (
				2B2E3EA12B98C712003383E7 /* HungerTests.swift in Sources */,
			);
			runOnlyForDeploymentPostprocessing = 0;
		};
		2B2E3EA22B98C712003383E7 /* Sources */ = {
			isa = PBXSourcesBuildPhase;
			buildActionMask = 2147483647;
			files = (
				2B2E3EAB2B98C712003383E7 /* HungerUITests.swift in Sources */,
				2B2E3EAD2B98C712003383E7 /* HungerUITestsLaunchTests.swift in Sources */,
			);
			runOnlyForDeploymentPostprocessing = 0;
		};
/* End PBXSourcesBuildPhase section */

/* Begin PBXTargetDependency section */
		2B2E3E9E2B98C712003383E7 /* PBXTargetDependency */ = {
			isa = PBXTargetDependency;
			target = 2B2E3E852B98C70E003383E7 /* Hunger */;
			targetProxy = 2B2E3E9D2B98C712003383E7 /* PBXContainerItemProxy */;
		};
		2B2E3EA82B98C712003383E7 /* PBXTargetDependency */ = {
			isa = PBXTargetDependency;
			target = 2B2E3E852B98C70E003383E7 /* Hunger */;
			targetProxy = 2B2E3EA72B98C712003383E7 /* PBXContainerItemProxy */;
		};
/* End PBXTargetDependency section */

/* Begin PBXVariantGroup section */
		2B2E3E942B98C711003383E7 /* LaunchScreen.storyboard */ = {
			isa = PBXVariantGroup;
			children = (
				2B2E3E952B98C711003383E7 /* Base */,
			);
			name = LaunchScreen.storyboard;
			sourceTree = "<group>";
		};
/* End PBXVariantGroup section */

/* Begin XCBuildConfiguration section */
		2B2E3EAE2B98C712003383E7 /* Debug */ = {
			isa = XCBuildConfiguration;
			buildSettings = {
				ALWAYS_SEARCH_USER_PATHS = NO;
				ASSETCATALOG_COMPILER_GENERATE_SWIFT_ASSET_SYMBOL_EXTENSIONS = YES;
				CLANG_ANALYZER_NONNULL = YES;
				CLANG_ANALYZER_NUMBER_OBJECT_CONVERSION = YES_AGGRESSIVE;
				CLANG_CXX_LANGUAGE_STANDARD = "gnu++20";
				CLANG_ENABLE_MODULES = YES;
				CLANG_ENABLE_OBJC_ARC = YES;
				CLANG_ENABLE_OBJC_WEAK = YES;
				CLANG_WARN_BLOCK_CAPTURE_AUTORELEASING = YES;
				CLANG_WARN_BOOL_CONVERSION = YES;
				CLANG_WARN_COMMA = YES;
				CLANG_WARN_CONSTANT_CONVERSION = YES;
				CLANG_WARN_DEPRECATED_OBJC_IMPLEMENTATIONS = YES;
				CLANG_WARN_DIRECT_OBJC_ISA_USAGE = YES_ERROR;
				CLANG_WARN_DOCUMENTATION_COMMENTS = YES;
				CLANG_WARN_EMPTY_BODY = YES;
				CLANG_WARN_ENUM_CONVERSION = YES;
				CLANG_WARN_INFINITE_RECURSION = YES;
				CLANG_WARN_INT_CONVERSION = YES;
				CLANG_WARN_NON_LITERAL_NULL_CONVERSION = YES;
				CLANG_WARN_OBJC_IMPLICIT_RETAIN_SELF = YES;
				CLANG_WARN_OBJC_LITERAL_CONVERSION = YES;
				CLANG_WARN_OBJC_ROOT_CLASS = YES_ERROR;
				CLANG_WARN_QUOTED_INCLUDE_IN_FRAMEWORK_HEADER = YES;
				CLANG_WARN_RANGE_LOOP_ANALYSIS = YES;
				CLANG_WARN_STRICT_PROTOTYPES = YES;
				CLANG_WARN_SUSPICIOUS_MOVE = YES;
				CLANG_WARN_UNGUARDED_AVAILABILITY = YES_AGGRESSIVE;
				CLANG_WARN_UNREACHABLE_CODE = YES;
				CLANG_WARN__DUPLICATE_METHOD_MATCH = YES;
				COPY_PHASE_STRIP = NO;
				DEBUG_INFORMATION_FORMAT = dwarf;
				ENABLE_STRICT_OBJC_MSGSEND = YES;
				ENABLE_TESTABILITY = YES;
				ENABLE_USER_SCRIPT_SANDBOXING = YES;
				GCC_C_LANGUAGE_STANDARD = gnu17;
				GCC_DYNAMIC_NO_PIC = NO;
				GCC_NO_COMMON_BLOCKS = YES;
				GCC_OPTIMIZATION_LEVEL = 0;
				GCC_PREPROCESSOR_DEFINITIONS = (
					"DEBUG=1",
					"$(inherited)",
				);
				GCC_WARN_64_TO_32_BIT_CONVERSION = YES;
				GCC_WARN_ABOUT_RETURN_TYPE = YES_ERROR;
				GCC_WARN_UNDECLARED_SELECTOR = YES;
				GCC_WARN_UNINITIALIZED_AUTOS = YES_AGGRESSIVE;
				GCC_WARN_UNUSED_FUNCTION = YES;
				GCC_WARN_UNUSED_VARIABLE = YES;
				IPHONEOS_DEPLOYMENT_TARGET = 17.2;
				LOCALIZATION_PREFERS_STRING_CATALOGS = YES;
				MTL_ENABLE_DEBUG_INFO = INCLUDE_SOURCE;
				MTL_FAST_MATH = YES;
				ONLY_ACTIVE_ARCH = YES;
				SDKROOT = iphoneos;
				SWIFT_ACTIVE_COMPILATION_CONDITIONS = "DEBUG $(inherited)";
				SWIFT_OPTIMIZATION_LEVEL = "-Onone";
			};
			name = Debug;
		};
		2B2E3EAF2B98C712003383E7 /* Release */ = {
			isa = XCBuildConfiguration;
			buildSettings = {
				ALWAYS_SEARCH_USER_PATHS = NO;
				ASSETCATALOG_COMPILER_GENERATE_SWIFT_ASSET_SYMBOL_EXTENSIONS = YES;
				CLANG_ANALYZER_NONNULL = YES;
				CLANG_ANALYZER_NUMBER_OBJECT_CONVERSION = YES_AGGRESSIVE;
				CLANG_CXX_LANGUAGE_STANDARD = "gnu++20";
				CLANG_ENABLE_MODULES = YES;
				CLANG_ENABLE_OBJC_ARC = YES;
				CLANG_ENABLE_OBJC_WEAK = YES;
				CLANG_WARN_BLOCK_CAPTURE_AUTORELEASING = YES;
				CLANG_WARN_BOOL_CONVERSION = YES;
				CLANG_WARN_COMMA = YES;
				CLANG_WARN_CONSTANT_CONVERSION = YES;
				CLANG_WARN_DEPRECATED_OBJC_IMPLEMENTATIONS = YES;
				CLANG_WARN_DIRECT_OBJC_ISA_USAGE = YES_ERROR;
				CLANG_WARN_DOCUMENTATION_COMMENTS = YES;
				CLANG_WARN_EMPTY_BODY = YES;
				CLANG_WARN_ENUM_CONVERSION = YES;
				CLANG_WARN_INFINITE_RECURSION = YES;
				CLANG_WARN_INT_CONVERSION = YES;
				CLANG_WARN_NON_LITERAL_NULL_CONVERSION = YES;
				CLANG_WARN_OBJC_IMPLICIT_RETAIN_SELF = YES;
				CLANG_WARN_OBJC_LITERAL_CONVERSION = YES;
				CLANG_WARN_OBJC_ROOT_CLASS = YES_ERROR;
				CLANG_WARN_QUOTED_INCLUDE_IN_FRAMEWORK_HEADER = YES;
				CLANG_WARN_RANGE_LOOP_ANALYSIS = YES;
				CLANG_WARN_STRICT_PROTOTYPES = YES;
				CLANG_WARN_SUSPICIOUS_MOVE = YES;
				CLANG_WARN_UNGUARDED_AVAILABILITY = YES_AGGRESSIVE;
				CLANG_WARN_UNREACHABLE_CODE = YES;
				CLANG_WARN__DUPLICATE_METHOD_MATCH = YES;
				COPY_PHASE_STRIP = NO;
				DEBUG_INFORMATION_FORMAT = "dwarf-with-dsym";
				ENABLE_NS_ASSERTIONS = NO;
				ENABLE_STRICT_OBJC_MSGSEND = YES;
				ENABLE_USER_SCRIPT_SANDBOXING = YES;
				GCC_C_LANGUAGE_STANDARD = gnu17;
				GCC_NO_COMMON_BLOCKS = YES;
				GCC_WARN_64_TO_32_BIT_CONVERSION = YES;
				GCC_WARN_ABOUT_RETURN_TYPE = YES_ERROR;
				GCC_WARN_UNDECLARED_SELECTOR = YES;
				GCC_WARN_UNINITIALIZED_AUTOS = YES_AGGRESSIVE;
				GCC_WARN_UNUSED_FUNCTION = YES;
				GCC_WARN_UNUSED_VARIABLE = YES;
				IPHONEOS_DEPLOYMENT_TARGET = 17.2;
				LOCALIZATION_PREFERS_STRING_CATALOGS = YES;
				MTL_ENABLE_DEBUG_INFO = NO;
				MTL_FAST_MATH = YES;
				SDKROOT = iphoneos;
				SWIFT_COMPILATION_MODE = wholemodule;
				VALIDATE_PRODUCT = YES;
			};
			name = Release;
		};
		2B2E3EB12B98C712003383E7 /* Debug */ = {
			isa = XCBuildConfiguration;
			buildSettings = {
				ASSETCATALOG_COMPILER_APPICON_NAME = AppIcon;
				ASSETCATALOG_COMPILER_GLOBAL_ACCENT_COLOR_NAME = AccentColor;
				CODE_SIGN_STYLE = Automatic;
				CURRENT_PROJECT_VERSION = 1;
				DEVELOPMENT_TEAM = FH99D278L8;
				ENABLE_USER_SCRIPT_SANDBOXING = NO;
				GENERATE_INFOPLIST_FILE = YES;
				INFOPLIST_FILE = Hunger/Info.plist;
				INFOPLIST_KEY_UIApplicationSupportsIndirectInputEvents = YES;
				INFOPLIST_KEY_UILaunchStoryboardName = LaunchScreen;
				INFOPLIST_KEY_UISupportedInterfaceOrientations_iPad = "UIInterfaceOrientationPortrait UIInterfaceOrientationPortraitUpsideDown UIInterfaceOrientationLandscapeLeft UIInterfaceOrientationLandscapeRight";
				INFOPLIST_KEY_UISupportedInterfaceOrientations_iPhone = "UIInterfaceOrientationPortrait UIInterfaceOrientationLandscapeLeft UIInterfaceOrientationLandscapeRight";
				LD_RUNPATH_SEARCH_PATHS = (
					"$(inherited)",
					"@executable_path/Frameworks",
				);
				MARKETING_VERSION = 1.0;
				PRODUCT_BUNDLE_IDENTIFIER = guilhermebrv.Hunger;
				PRODUCT_NAME = "$(TARGET_NAME)";
				SUPPORTED_PLATFORMS = "iphoneos iphonesimulator";
				SUPPORTS_MACCATALYST = NO;
				SUPPORTS_MAC_DESIGNED_FOR_IPHONE_IPAD = NO;
				SUPPORTS_XR_DESIGNED_FOR_IPHONE_IPAD = NO;
				SWIFT_EMIT_LOC_STRINGS = YES;
				SWIFT_VERSION = 5.0;
				TARGETED_DEVICE_FAMILY = 1;
			};
			name = Debug;
		};
		2B2E3EB22B98C712003383E7 /* Release */ = {
			isa = XCBuildConfiguration;
			buildSettings = {
				ASSETCATALOG_COMPILER_APPICON_NAME = AppIcon;
				ASSETCATALOG_COMPILER_GLOBAL_ACCENT_COLOR_NAME = AccentColor;
				CODE_SIGN_STYLE = Automatic;
				CURRENT_PROJECT_VERSION = 1;
				DEVELOPMENT_TEAM = FH99D278L8;
				ENABLE_USER_SCRIPT_SANDBOXING = NO;
				GENERATE_INFOPLIST_FILE = YES;
				INFOPLIST_FILE = Hunger/Info.plist;
				INFOPLIST_KEY_UIApplicationSupportsIndirectInputEvents = YES;
				INFOPLIST_KEY_UILaunchStoryboardName = LaunchScreen;
				INFOPLIST_KEY_UISupportedInterfaceOrientations_iPad = "UIInterfaceOrientationPortrait UIInterfaceOrientationPortraitUpsideDown UIInterfaceOrientationLandscapeLeft UIInterfaceOrientationLandscapeRight";
				INFOPLIST_KEY_UISupportedInterfaceOrientations_iPhone = "UIInterfaceOrientationPortrait UIInterfaceOrientationLandscapeLeft UIInterfaceOrientationLandscapeRight";
				LD_RUNPATH_SEARCH_PATHS = (
					"$(inherited)",
					"@executable_path/Frameworks",
				);
				MARKETING_VERSION = 1.0;
				PRODUCT_BUNDLE_IDENTIFIER = guilhermebrv.Hunger;
				PRODUCT_NAME = "$(TARGET_NAME)";
				SUPPORTED_PLATFORMS = "iphoneos iphonesimulator";
				SUPPORTS_MACCATALYST = NO;
				SUPPORTS_MAC_DESIGNED_FOR_IPHONE_IPAD = NO;
				SUPPORTS_XR_DESIGNED_FOR_IPHONE_IPAD = NO;
				SWIFT_EMIT_LOC_STRINGS = YES;
				SWIFT_VERSION = 5.0;
				TARGETED_DEVICE_FAMILY = 1;
			};
			name = Release;
		};
		2B2E3EB42B98C712003383E7 /* Debug */ = {
			isa = XCBuildConfiguration;
			buildSettings = {
				ALWAYS_EMBED_SWIFT_STANDARD_LIBRARIES = YES;
				BUNDLE_LOADER = "$(TEST_HOST)";
				CODE_SIGN_STYLE = Automatic;
				CURRENT_PROJECT_VERSION = 1;
				DEVELOPMENT_TEAM = FH99D278L8;
				GENERATE_INFOPLIST_FILE = YES;
				IPHONEOS_DEPLOYMENT_TARGET = 17.2;
				MARKETING_VERSION = 1.0;
				PRODUCT_BUNDLE_IDENTIFIER = guilhermebrv.HungerTests;
				PRODUCT_NAME = "$(TARGET_NAME)";
				SWIFT_EMIT_LOC_STRINGS = NO;
				SWIFT_VERSION = 5.0;
				TARGETED_DEVICE_FAMILY = "1,2";
				TEST_HOST = "$(BUILT_PRODUCTS_DIR)/Hunger.app/$(BUNDLE_EXECUTABLE_FOLDER_PATH)/Hunger";
			};
			name = Debug;
		};
		2B2E3EB52B98C712003383E7 /* Release */ = {
			isa = XCBuildConfiguration;
			buildSettings = {
				ALWAYS_EMBED_SWIFT_STANDARD_LIBRARIES = YES;
				BUNDLE_LOADER = "$(TEST_HOST)";
				CODE_SIGN_STYLE = Automatic;
				CURRENT_PROJECT_VERSION = 1;
				DEVELOPMENT_TEAM = FH99D278L8;
				GENERATE_INFOPLIST_FILE = YES;
				IPHONEOS_DEPLOYMENT_TARGET = 17.2;
				MARKETING_VERSION = 1.0;
				PRODUCT_BUNDLE_IDENTIFIER = guilhermebrv.HungerTests;
				PRODUCT_NAME = "$(TARGET_NAME)";
				SWIFT_EMIT_LOC_STRINGS = NO;
				SWIFT_VERSION = 5.0;
				TARGETED_DEVICE_FAMILY = "1,2";
				TEST_HOST = "$(BUILT_PRODUCTS_DIR)/Hunger.app/$(BUNDLE_EXECUTABLE_FOLDER_PATH)/Hunger";
			};
			name = Release;
		};
		2B2E3EB72B98C712003383E7 /* Debug */ = {
			isa = XCBuildConfiguration;
			buildSettings = {
				ALWAYS_EMBED_SWIFT_STANDARD_LIBRARIES = YES;
				CODE_SIGN_STYLE = Automatic;
				CURRENT_PROJECT_VERSION = 1;
				DEVELOPMENT_TEAM = FH99D278L8;
				GENERATE_INFOPLIST_FILE = YES;
				MARKETING_VERSION = 1.0;
				PRODUCT_BUNDLE_IDENTIFIER = guilhermebrv.HungerUITests;
				PRODUCT_NAME = "$(TARGET_NAME)";
				SWIFT_EMIT_LOC_STRINGS = NO;
				SWIFT_VERSION = 5.0;
				TARGETED_DEVICE_FAMILY = "1,2";
				TEST_TARGET_NAME = Hunger;
			};
			name = Debug;
		};
		2B2E3EB82B98C712003383E7 /* Release */ = {
			isa = XCBuildConfiguration;
			buildSettings = {
				ALWAYS_EMBED_SWIFT_STANDARD_LIBRARIES = YES;
				CODE_SIGN_STYLE = Automatic;
				CURRENT_PROJECT_VERSION = 1;
				DEVELOPMENT_TEAM = FH99D278L8;
				GENERATE_INFOPLIST_FILE = YES;
				MARKETING_VERSION = 1.0;
				PRODUCT_BUNDLE_IDENTIFIER = guilhermebrv.HungerUITests;
				PRODUCT_NAME = "$(TARGET_NAME)";
				SWIFT_EMIT_LOC_STRINGS = NO;
				SWIFT_VERSION = 5.0;
				TARGETED_DEVICE_FAMILY = "1,2";
				TEST_TARGET_NAME = Hunger;
			};
			name = Release;
		};
/* End XCBuildConfiguration section */

/* Begin XCConfigurationList section */
		2B2E3E812B98C70E003383E7 /* Build configuration list for PBXProject "Hunger" */ = {
			isa = XCConfigurationList;
			buildConfigurations = (
				2B2E3EAE2B98C712003383E7 /* Debug */,
				2B2E3EAF2B98C712003383E7 /* Release */,
			);
			defaultConfigurationIsVisible = 0;
			defaultConfigurationName = Release;
		};
		2B2E3EB02B98C712003383E7 /* Build configuration list for PBXNativeTarget "Hunger" */ = {
			isa = XCConfigurationList;
			buildConfigurations = (
				2B2E3EB12B98C712003383E7 /* Debug */,
				2B2E3EB22B98C712003383E7 /* Release */,
			);
			defaultConfigurationIsVisible = 0;
			defaultConfigurationName = Release;
		};
		2B2E3EB32B98C712003383E7 /* Build configuration list for PBXNativeTarget "HungerTests" */ = {
			isa = XCConfigurationList;
			buildConfigurations = (
				2B2E3EB42B98C712003383E7 /* Debug */,
				2B2E3EB52B98C712003383E7 /* Release */,
			);
			defaultConfigurationIsVisible = 0;
			defaultConfigurationName = Release;
		};
		2B2E3EB62B98C712003383E7 /* Build configuration list for PBXNativeTarget "HungerUITests" */ = {
			isa = XCConfigurationList;
			buildConfigurations = (
				2B2E3EB72B98C712003383E7 /* Debug */,
				2B2E3EB82B98C712003383E7 /* Release */,
			);
			defaultConfigurationIsVisible = 0;
			defaultConfigurationName = Release;
		};
/* End XCConfigurationList section */
	};
	rootObject = 2B2E3E7E2B98C70E003383E7 /* Project object */;
}
